
Microsoft Visual Studio Solution File, Format Version 12.00
# Visual Studio Version 17
VisualStudioVersion = 17.0.32112.339
MinimumVisualStudioVersion = 10.0.40219.1
Project("{FAE04EC0-301F-11D3-BF4B-00C04F79EFBC}") = "IMC.UWP", "IMC\IMC.UWP\IMC.UWP.csproj", "{096E9F18-3534-4E10-8D02-41C206BF37E9}"
EndProject
Project("{FAE04EC0-301F-11D3-BF4B-00C04F79EFBC}") = "IMC.Android", "IMC\IMC.Android\IMC.Android.csproj", "{450CE7EF-F461-462F-B53D-E74F3A2A039E}"
EndProject
Project("{FAE04EC0-301F-11D3-BF4B-00C04F79EFBC}") = "IMC", "IMC\IMC\IMC.csproj", "{196CCE01-1016-4030-96A2-FEB4CD5FA49F}"
EndProject
Global
	GlobalSection(SolutionConfigurationPlatforms) = preSolution
		Debug|Any CPU = Debug|Any CPU
		Debug|ARM = Debug|ARM
		Debug|x64 = Debug|x64
		Debug|x86 = Debug|x86
		Release|Any CPU = Release|Any CPU
		Release|ARM = Release|ARM
		Release|x64 = Release|x64
		Release|x86 = Release|x86
	EndGlobalSection
	GlobalSection(ProjectConfigurationPlatforms) = postSolution
		{096E9F18-3534-4E10-8D02-41C206BF37E9}.Debug|Any CPU.ActiveCfg = Debug|x64
		{096E9F18-3534-4E10-8D02-41C206BF37E9}.Debug|Any CPU.Build.0 = Debug|x64
		{096E9F18-3534-4E10-8D02-41C206BF37E9}.Debug|Any CPU.Deploy.0 = Debug|x64
		{096E9F18-3534-4E10-8D02-41C206BF37E9}.Debug|ARM.ActiveCfg = Debug|ARM
		{096E9F18-3534-4E10-8D02-41C206BF37E9}.Debug|ARM.Build.0 = Debug|ARM
		{096E9F18-3534-4E10-8D02-41C206BF37E9}.Debug|ARM.Deploy.0 = Debug|ARM
		{096E9F18-3534-4E10-8D02-41C206BF37E9}.Debug|x64.ActiveCfg = Debug|x64
		{096E9F18-3534-4E10-8D02-41C206BF37E9}.Debug|x64.Build.0 = Debug|x64
		{096E9F18-3534-4E10-8D02-41C206BF37E9}.Debug|x64.Deploy.0 = Debug|x64
		{096E9F18-3534-4E10-8D02-41C206BF37E9}.Debug|x86.ActiveCfg = Debug|x86
		{096E9F18-3534-4E10-8D02-41C206BF37E9}.Debug|x86.Build.0 = Debug|x86
		{096E9F18-3534-4E10-8D02-41C206BF37E9}.Debug|x86.Deploy.0 = Debug|x86
		{096E9F18-3534-4E10-8D02-41C206BF37E9}.Release|Any CPU.ActiveCfg = Release|x64
		{096E9F18-3534-4E10-8D02-41C206BF37E9}.Release|Any CPU.Build.0 = Release|x64
		{096E9F18-3534-4E10-8D02-41C206BF37E9}.Release|Any CPU.Deploy.0 = Release|x64
		{096E9F18-3534-4E10-8D02-41C206BF37E9}.Release|ARM.ActiveCfg = Release|ARM
		{096E9F18-3534-4E10-8D02-41C206BF37E9}.Release|ARM.Build.0 = Release|ARM
		{096E9F18-3534-4E10-8D02-41C206BF37E9}.Release|ARM.Deploy.0 = Release|ARM
		{096E9F18-3534-4E10-8D02-41C206BF37E9}.Release|x64.ActiveCfg = Release|x64
		{096E9F18-3534-4E10-8D02-41C206BF37E9}.Release|x64.Build.0 = Release|x64
		{096E9F18-3534-4E10-8D02-41C206BF37E9}.Release|x64.Deploy.0 = Release|x64
		{096E9F18-3534-4E10-8D02-41C206BF37E9}.Release|x86.ActiveCfg = Release|x86
		{096E9F18-3534-4E10-8D02-41C206BF37E9}.Release|x86.Build.0 = Release|x86
		{096E9F18-3534-4E10-8D02-41C206BF37E9}.Release|x86.Deploy.0 = Release|x86
		{450CE7EF-F461-462F-B53D-E74F3A2A039E}.Debug|Any CPU.ActiveCfg = Debug|Any CPU
		{450CE7EF-F461-462F-B53D-E74F3A2A039E}.Debug|Any CPU.Build.0 = Debug|Any CPU
		{450CE7EF-F461-462F-B53D-E74F3A2A039E}.Debug|Any CPU.Deploy.0 = Debug|Any CPU
		{450CE7EF-F461-462F-B53D-E74F3A2A039E}.Debug|ARM.ActiveCfg = Debug|Any CPU
		{450CE7EF-F461-462F-B53D-E74F3A2A039E}.Debug|ARM.Build.0 = Debug|Any CPU
		{450CE7EF-F461-462F-B53D-E74F3A2A039E}.Debug|ARM.Deploy.0 = Debug|Any CPU
		{450CE7EF-F461-462F-B53D-E74F3A2A039E}.Debug|x64.ActiveCfg = Debug|Any CPU
		{450CE7EF-F461-462F-B53D-E74F3A2A039E}.Debug|x64.Build.0 = Debug|Any CPU
		{450CE7EF-F461-462F-B53D-E74F3A2A039E}.Debug|x64.Deploy.0 = Debug|Any CPU
		{450CE7EF-F461-462F-B53D-E74F3A2A039E}.Debug|x86.ActiveCfg = Debug|Any CPU
		{450CE7EF-F461-462F-B53D-E74F3A2A039E}.Debug|x86.Build.0 = Debug|Any CPU
		{450CE7EF-F461-462F-B53D-E74F3A2A039E}.Debug|x86.Deploy.0 = Debug|Any CPU
		{450CE7EF-F461-462F-B53D-E74F3A2A039E}.Release|Any CPU.ActiveCfg = Release|Any CPU
		{450CE7EF-F461-462F-B53D-E74F3A2A039E}.Release|Any CPU.Build.0 = Release|Any CPU
		{450CE7EF-F461-462F-B53D-E74F3A2A039E}.Release|Any CPU.Deploy.0 = Release|Any CPU
		{450CE7EF-F461-462F-B53D-E74F3A2A039E}.Release|ARM.ActiveCfg = Release|Any CPU
		{450CE7EF-F461-462F-B53D-E74F3A2A039E}.Release|ARM.Build.0 = Release|Any CPU
		{450CE7EF-F461-462F-B53D-E74F3A2A039E}.Release|ARM.Deploy.0 = Release|Any CPU
		{450CE7EF-F461-462F-B53D-E74F3A2A039E}.Release|x64.ActiveCfg = Release|Any CPU
		{450CE7EF-F461-462F-B53D-E74F3A2A039E}.Release|x64.Build.0 = Release|Any CPU
		{450CE7EF-F461-462F-B53D-E74F3A2A039E}.Release|x64.Deploy.0 = Release|Any CPU
		{450CE7EF-F461-462F-B53D-E74F3A2A039E}.Release|x86.ActiveCfg = Release|Any CPU
		{450CE7EF-F461-462F-B53D-E74F3A2A039E}.Release|x86.Build.0 = Release|Any CPU
		{450CE7EF-F461-462F-B53D-E74F3A2A039E}.Release|x86.Deploy.0 = Release|Any CPU
		{196CCE01-1016-4030-96A2-FEB4CD5FA49F}.Debug|Any CPU.ActiveCfg = Debug|Any CPU
		{196CCE01-1016-4030-96A2-FEB4CD5FA49F}.Debug|Any CPU.Build.0 = Debug|Any CPU
		{196CCE01-1016-4030-96A2-FEB4CD5FA49F}.Debug|Any CPU.Deploy.0 = Debug|Any CPU
		{196CCE01-1016-4030-96A2-FEB4CD5FA49F}.Debug|ARM.ActiveCfg = Debug|Any CPU
		{196CCE01-1016-4030-96A2-FEB4CD5FA49F}.Debug|ARM.Build.0 = Debug|Any CPU
		{196CCE01-1016-4030-96A2-FEB4CD5FA49F}.Debug|ARM.Deploy.0 = Debug|Any CPU
		{196CCE01-1016-4030-96A2-FEB4CD5FA49F}.Debug|x64.ActiveCfg = Debug|Any CPU
		{196CCE01-1016-4030-96A2-FEB4CD5FA49F}.Debug|x64.Build.0 = Debug|Any CPU
		{196CCE01-1016-4030-96A2-FEB4CD5FA49F}.Debug|x64.Deploy.0 = Debug|Any CPU
		{196CCE01-1016-4030-96A2-FEB4CD5FA49F}.Debug|x86.ActiveCfg = Debug|Any CPU
		{196CCE01-1016-4030-96A2-FEB4CD5FA49F}.Debug|x86.Build.0 = Debug|Any CPU
		{196CCE01-1016-4030-96A2-FEB4CD5FA49F}.Debug|x86.Deploy.0 = Debug|Any CPU
		{196CCE01-1016-4030-96A2-FEB4CD5FA49F}.Release|Any CPU.ActiveCfg = Release|Any CPU
		{196CCE01-1016-4030-96A2-FEB4CD5FA49F}.Release|Any CPU.Build.0 = Release|Any CPU
		{196CCE01-1016-4030-96A2-FEB4CD5FA49F}.Release|Any CPU.Deploy.0 = Release|Any CPU
		{196CCE01-1016-4030-96A2-FEB4CD5FA49F}.Release|ARM.ActiveCfg = Release|Any CPU
		{196CCE01-1016-4030-96A2-FEB4CD5FA49F}.Release|ARM.Build.0 = Release|Any CPU
		{196CCE01-1016-4030-96A2-FEB4CD5FA49F}.Release|ARM.Deploy.0 = Release|Any CPU
		{196CCE01-1016-4030-96A2-FEB4CD5FA49F}.Release|x64.ActiveCfg = Release|Any CPU
		{196CCE01-1016-4030-96A2-FEB4CD5FA49F}.Release|x64.Build.0 = Release|Any CPU
		{196CCE01-1016-4030-96A2-FEB4CD5FA49F}.Release|x64.Deploy.0 = Release|Any CPU
		{196CCE01-1016-4030-96A2-FEB4CD5FA49F}.Release|x86.ActiveCfg = Release|Any CPU
		{196CCE01-1016-4030-96A2-FEB4CD5FA49F}.Release|x86.Build.0 = Release|Any CPU
		{196CCE01-1016-4030-96A2-FEB4CD5FA49F}.Release|x86.Deploy.0 = Release|Any CPU
	EndGlobalSection
	GlobalSection(SolutionProperties) = preSolution
		HideSolutionNode = FALSE
	EndGlobalSection
	GlobalSection(ExtensibilityGlobals) = postSolution
		SolutionGuid = {00630555-8A54-4564-BB91-6A5800D20C83}
	EndGlobalSection
EndGlobal
